// !$*UTF8*$!
{
	archiveVersion = 1;
	classes = {
	};
	objectVersion = 55;
	objects = {

/* Begin PBXBuildFile section */
		0841F673AC1FAF7E7764CFBD /* Pods_Messenger.framework in Frameworks */ = {isa = PBXBuildFile; fileRef = 4515D27D3078A5728489BF40 /* Pods_Messenger.framework */; };
		CD32A3BD2944F38700014749 /* AppDelegate.swift in Sources */ = {isa = PBXBuildFile; fileRef = CD32A3BC2944F38700014749 /* AppDelegate.swift */; };
		CD32A3BF2944F38700014749 /* SceneDelegate.swift in Sources */ = {isa = PBXBuildFile; fileRef = CD32A3BE2944F38700014749 /* SceneDelegate.swift */; };
		CD32A3C12944F38700014749 /* ConversationsViewController.swift in Sources */ = {isa = PBXBuildFile; fileRef = CD32A3C02944F38700014749 /* ConversationsViewController.swift */; };
		CD32A3C42944F38700014749 /* Main.storyboard in Resources */ = {isa = PBXBuildFile; fileRef = CD32A3C22944F38700014749 /* Main.storyboard */; };
		CD32A3C62944F38900014749 /* Assets.xcassets in Resources */ = {isa = PBXBuildFile; fileRef = CD32A3C52944F38900014749 /* Assets.xcassets */; };
		CD32A3C92944F38900014749 /* LaunchScreen.storyboard in Resources */ = {isa = PBXBuildFile; fileRef = CD32A3C72944F38900014749 /* LaunchScreen.storyboard */; };
		CD32A3D72944F8E700014749 /* LoginViewController.swift in Sources */ = {isa = PBXBuildFile; fileRef = CD32A3D62944F8E700014749 /* LoginViewController.swift */; };
		CD32A3D92944F8FB00014749 /* RegisterViewController.swift in Sources */ = {isa = PBXBuildFile; fileRef = CD32A3D82944F8FA00014749 /* RegisterViewController.swift */; };
		CD32A3DB2944F91A00014749 /* PhotoViewerViewController.swift in Sources */ = {isa = PBXBuildFile; fileRef = CD32A3DA2944F91A00014749 /* PhotoViewerViewController.swift */; };
		CD32A3DD2944F92F00014749 /* VideoPlayerViewController.swift in Sources */ = {isa = PBXBuildFile; fileRef = CD32A3DC2944F92F00014749 /* VideoPlayerViewController.swift */; };
		CD32A3DF2944F95400014749 /* NewConversationViewController.swift in Sources */ = {isa = PBXBuildFile; fileRef = CD32A3DE2944F95400014749 /* NewConversationViewController.swift */; };
		CD32A3E12944F96C00014749 /* ProfileViewController.swift in Sources */ = {isa = PBXBuildFile; fileRef = CD32A3E02944F96C00014749 /* ProfileViewController.swift */; };
		CD32A3E4294500E900014749 /* Extensions.swift in Sources */ = {isa = PBXBuildFile; fileRef = CD32A3E3294500E900014749 /* Extensions.swift */; };
		CD514EFB294E40FC009A2314 /* DatabaseManager.swift in Sources */ = {isa = PBXBuildFile; fileRef = CD514EFA294E40FC009A2314 /* DatabaseManager.swift */; };
		CD6E7307294CFA6300E4750A /* GoogleService-Info.plist in Resources */ = {isa = PBXBuildFile; fileRef = CD6E7306294CFA6300E4750A /* GoogleService-Info.plist */; };
		CD6E730A294D028500E4750A /* FirebaseAuth in Frameworks */ = {isa = PBXBuildFile; productRef = CD6E7309294D028500E4750A /* FirebaseAuth */; };
		CD6E730C294D028500E4750A /* FirebaseDatabase in Frameworks */ = {isa = PBXBuildFile; productRef = CD6E730B294D028500E4750A /* FirebaseDatabase */; };
		CDB9BB5D295CB9B900DA9716 /* FacebookCore in Frameworks */ = {isa = PBXBuildFile; productRef = CDB9BB5C295CB9B900DA9716 /* FacebookCore */; };
		CDB9BB5F295CB9B900DA9716 /* FacebookLogin in Frameworks */ = {isa = PBXBuildFile; productRef = CDB9BB5E295CB9B900DA9716 /* FacebookLogin */; };
		CDB9BB61295CB9B900DA9716 /* FacebookShare in Frameworks */ = {isa = PBXBuildFile; productRef = CDB9BB60295CB9B900DA9716 /* FacebookShare */; };
/* End PBXBuildFile section */

/* Begin PBXFileReference section */
		23322F315ADDFEEB3E3F754A /* Pods-Messenger.debug.xcconfig */ = {isa = PBXFileReference; includeInIndex = 1; lastKnownFileType = text.xcconfig; name = "Pods-Messenger.debug.xcconfig"; path = "Target Support Files/Pods-Messenger/Pods-Messenger.debug.xcconfig"; sourceTree = "<group>"; };
		4515D27D3078A5728489BF40 /* Pods_Messenger.framework */ = {isa = PBXFileReference; explicitFileType = wrapper.framework; includeInIndex = 0; path = Pods_Messenger.framework; sourceTree = BUILT_PRODUCTS_DIR; };
		869A002764BEE6559A9558FB /* Pods-Messenger.release.xcconfig */ = {isa = PBXFileReference; includeInIndex = 1; lastKnownFileType = text.xcconfig; name = "Pods-Messenger.release.xcconfig"; path = "Target Support Files/Pods-Messenger/Pods-Messenger.release.xcconfig"; sourceTree = "<group>"; };
		CD32A3B92944F38700014749 /* Messenger.app */ = {isa = PBXFileReference; explicitFileType = wrapper.application; includeInIndex = 0; path = Messenger.app; sourceTree = BUILT_PRODUCTS_DIR; };
		CD32A3BC2944F38700014749 /* AppDelegate.swift */ = {isa = PBXFileReference; lastKnownFileType = sourcecode.swift; path = AppDelegate.swift; sourceTree = "<group>"; };
		CD32A3BE2944F38700014749 /* SceneDelegate.swift */ = {isa = PBXFileReference; lastKnownFileType = sourcecode.swift; path = SceneDelegate.swift; sourceTree = "<group>"; };
		CD32A3C02944F38700014749 /* ConversationsViewController.swift */ = {isa = PBXFileReference; lastKnownFileType = sourcecode.swift; path = ConversationsViewController.swift; sourceTree = "<group>"; };
		CD32A3C32944F38700014749 /* Base */ = {isa = PBXFileReference; lastKnownFileType = file.storyboard; name = Base; path = Base.lproj/Main.storyboard; sourceTree = "<group>"; };
		CD32A3C52944F38900014749 /* Assets.xcassets */ = {isa = PBXFileReference; lastKnownFileType = folder.assetcatalog; path = Assets.xcassets; sourceTree = "<group>"; };
		CD32A3C82944F38900014749 /* Base */ = {isa = PBXFileReference; lastKnownFileType = file.storyboard; name = Base; path = Base.lproj/LaunchScreen.storyboard; sourceTree = "<group>"; };
		CD32A3CA2944F38900014749 /* Info.plist */ = {isa = PBXFileReference; lastKnownFileType = text.plist.xml; path = Info.plist; sourceTree = "<group>"; };
		CD32A3D62944F8E700014749 /* LoginViewController.swift */ = {isa = PBXFileReference; lastKnownFileType = sourcecode.swift; path = LoginViewController.swift; sourceTree = "<group>"; };
		CD32A3D82944F8FA00014749 /* RegisterViewController.swift */ = {isa = PBXFileReference; lastKnownFileType = sourcecode.swift; path = RegisterViewController.swift; sourceTree = "<group>"; };
		CD32A3DA2944F91A00014749 /* PhotoViewerViewController.swift */ = {isa = PBXFileReference; lastKnownFileType = sourcecode.swift; path = PhotoViewerViewController.swift; sourceTree = "<group>"; };
		CD32A3DC2944F92F00014749 /* VideoPlayerViewController.swift */ = {isa = PBXFileReference; lastKnownFileType = sourcecode.swift; path = VideoPlayerViewController.swift; sourceTree = "<group>"; };
		CD32A3DE2944F95400014749 /* NewConversationViewController.swift */ = {isa = PBXFileReference; lastKnownFileType = sourcecode.swift; path = NewConversationViewController.swift; sourceTree = "<group>"; };
		CD32A3E02944F96C00014749 /* ProfileViewController.swift */ = {isa = PBXFileReference; lastKnownFileType = sourcecode.swift; path = ProfileViewController.swift; sourceTree = "<group>"; };
		CD32A3E3294500E900014749 /* Extensions.swift */ = {isa = PBXFileReference; lastKnownFileType = sourcecode.swift; path = Extensions.swift; sourceTree = "<group>"; };
		CD514EFA294E40FC009A2314 /* DatabaseManager.swift */ = {isa = PBXFileReference; lastKnownFileType = sourcecode.swift; path = DatabaseManager.swift; sourceTree = "<group>"; };
		CD6E7306294CFA6300E4750A /* GoogleService-Info.plist */ = {isa = PBXFileReference; fileEncoding = 4; lastKnownFileType = text.plist.xml; name = "GoogleService-Info.plist"; path = "../../../Downloads/GoogleService-Info.plist"; sourceTree = "<group>"; };
		CDB9BB5A295CB8C000DA9716 /* Messenger.entitlements */ = {isa = PBXFileReference; lastKnownFileType = text.plist.entitlements; path = Messenger.entitlements; sourceTree = "<group>"; };
/* End PBXFileReference section */

/* Begin PBXFrameworksBuildPhase section */
		CD32A3B62944F38700014749 /* Frameworks */ = {
			isa = PBXFrameworksBuildPhase;
			buildActionMask = 2147483647;
			files = (
				CDB9BB5F295CB9B900DA9716 /* FacebookLogin in Frameworks */,
				CD6E730C294D028500E4750A /* FirebaseDatabase in Frameworks */,
				CDB9BB61295CB9B900DA9716 /* FacebookShare in Frameworks */,
				CD6E730A294D028500E4750A /* FirebaseAuth in Frameworks */,
				0841F673AC1FAF7E7764CFBD /* Pods_Messenger.framework in Frameworks */,
				CDB9BB5D295CB9B900DA9716 /* FacebookCore in Frameworks */,
			);
			runOnlyForDeploymentPostprocessing = 0;
		};
/* End PBXFrameworksBuildPhase section */

/* Begin PBXGroup section */
		125456346099F326411A419B /* Frameworks */ = {
			isa = PBXGroup;
			children = (
				4515D27D3078A5728489BF40 /* Pods_Messenger.framework */,
			);
			name = Frameworks;
			sourceTree = "<group>";
		};
		CD32A3B02944F38700014749 = {
			isa = PBXGroup;
			children = (
				CD32A3BB2944F38700014749 /* Messenger */,
				CD32A3BA2944F38700014749 /* Products */,
				DEE86580D2D5EE5C516BD890 /* Pods */,
				125456346099F326411A419B /* Frameworks */,
			);
			sourceTree = "<group>";
		};
		CD32A3BA2944F38700014749 /* Products */ = {
			isa = PBXGroup;
			children = (
				CD32A3B92944F38700014749 /* Messenger.app */,
			);
			name = Products;
			sourceTree = "<group>";
		};
		CD32A3BB2944F38700014749 /* Messenger */ = {
			isa = PBXGroup;
			children = (
				CDB9BB5A295CB8C000DA9716 /* Messenger.entitlements */,
				CD6E7306294CFA6300E4750A /* GoogleService-Info.plist */,
				CD32A3D02944F6DE00014749 /* Controllers */,
				CD32A3D42944F76400014749 /* Resources */,
				CD32A3D32944F75500014749 /* ViewModels */,
				CD32A3D22944F74500014749 /* Models */,
				CD32A3D12944F6ED00014749 /* Views */,
				CD32A3CA2944F38900014749 /* Info.plist */,
			);
			path = Messenger;
			sourceTree = "<group>";
		};
		CD32A3D02944F6DE00014749 /* Controllers */ = {
			isa = PBXGroup;
			children = (
				CD32A3C02944F38700014749 /* ConversationsViewController.swift */,
				CD32A3E22944FB7400014749 /* Login */,
				CD32A3DA2944F91A00014749 /* PhotoViewerViewController.swift */,
				CD32A3DC2944F92F00014749 /* VideoPlayerViewController.swift */,
				CD32A3DE2944F95400014749 /* NewConversationViewController.swift */,
				CD32A3E02944F96C00014749 /* ProfileViewController.swift */,
			);
			path = Controllers;
			sourceTree = "<group>";
		};
		CD32A3D12944F6ED00014749 /* Views */ = {
			isa = PBXGroup;
			children = (
				CD32A3D52944F7A500014749 /* Storyboards */,
				CD32A3C52944F38900014749 /* Assets.xcassets */,
			);
			path = Views;
			sourceTree = "<group>";
		};
		CD32A3D22944F74500014749 /* Models */ = {
			isa = PBXGroup;
			children = (
			);
			path = Models;
			sourceTree = "<group>";
		};
		CD32A3D32944F75500014749 /* ViewModels */ = {
			isa = PBXGroup;
			children = (
			);
			path = ViewModels;
			sourceTree = "<group>";
		};
		CD32A3D42944F76400014749 /* Resources */ = {
			isa = PBXGroup;
			children = (
				CD32A3BC2944F38700014749 /* AppDelegate.swift */,
				CD32A3BE2944F38700014749 /* SceneDelegate.swift */,
				CD32A3E3294500E900014749 /* Extensions.swift */,
				CD514EFA294E40FC009A2314 /* DatabaseManager.swift */,
			);
			path = Resources;
			sourceTree = "<group>";
		};
		CD32A3D52944F7A500014749 /* Storyboards */ = {
			isa = PBXGroup;
			children = (
				CD32A3C22944F38700014749 /* Main.storyboard */,
				CD32A3C72944F38900014749 /* LaunchScreen.storyboard */,
			);
			path = Storyboards;
			sourceTree = "<group>";
		};
		CD32A3E22944FB7400014749 /* Login */ = {
			isa = PBXGroup;
			children = (
				CD32A3D62944F8E700014749 /* LoginViewController.swift */,
				CD32A3D82944F8FA00014749 /* RegisterViewController.swift */,
			);
			path = Login;
			sourceTree = "<group>";
		};
		DEE86580D2D5EE5C516BD890 /* Pods */ = {
			isa = PBXGroup;
			children = (
				23322F315ADDFEEB3E3F754A /* Pods-Messenger.debug.xcconfig */,
				869A002764BEE6559A9558FB /* Pods-Messenger.release.xcconfig */,
			);
			path = Pods;
			sourceTree = "<group>";
		};
/* End PBXGroup section */

/* Begin PBXNativeTarget section */
		CD32A3B82944F38700014749 /* Messenger */ = {
			isa = PBXNativeTarget;
			buildConfigurationList = CD32A3CD2944F38900014749 /* Build configuration list for PBXNativeTarget "Messenger" */;
			buildPhases = (
				ED8762E6CBA412DBB973778E /* [CP] Check Pods Manifest.lock */,
				CD32A3B52944F38700014749 /* Sources */,
				CD32A3B62944F38700014749 /* Frameworks */,
				CD32A3B72944F38700014749 /* Resources */,
			);
			buildRules = (
			);
			dependencies = (
			);
			name = Messenger;
			packageProductDependencies = (
				CD6E7309294D028500E4750A /* FirebaseAuth */,
				CD6E730B294D028500E4750A /* FirebaseDatabase */,
				CDB9BB5C295CB9B900DA9716 /* FacebookCore */,
				CDB9BB5E295CB9B900DA9716 /* FacebookLogin */,
				CDB9BB60295CB9B900DA9716 /* FacebookShare */,
			);
			productName = Messenger;
			productReference = CD32A3B92944F38700014749 /* Messenger.app */;
			productType = "com.apple.product-type.application";
		};
/* End PBXNativeTarget section */

/* Begin PBXProject section */
		CD32A3B12944F38700014749 /* Project object */ = {
			isa = PBXProject;
			attributes = {
				BuildIndependentTargetsInParallel = 1;
				LastSwiftUpdateCheck = 1410;
				LastUpgradeCheck = 1410;
				TargetAttributes = {
					CD32A3B82944F38700014749 = {
						CreatedOnToolsVersion = 14.1;
					};
				};
			};
			buildConfigurationList = CD32A3B42944F38700014749 /* Build configuration list for PBXProject "Messenger" */;
			compatibilityVersion = "Xcode 13.0";
			developmentRegion = en;
			hasScannedForEncodings = 0;
			knownRegions = (
				en,
				Base,
			);
			mainGroup = CD32A3B02944F38700014749;
			packageReferences = (
				CD6E7308294D028500E4750A /* XCRemoteSwiftPackageReference "firebase-ios-sdk" */,
				CDB9BB5B295CB9B900DA9716 /* XCRemoteSwiftPackageReference "facebook-ios-sdk" */,
			);
			productRefGroup = CD32A3BA2944F38700014749 /* Products */;
			projectDirPath = "";
			projectRoot = "";
			targets = (
				CD32A3B82944F38700014749 /* Messenger */,
			);
		};
/* End PBXProject section */

/* Begin PBXResourcesBuildPhase section */
		CD32A3B72944F38700014749 /* Resources */ = {
			isa = PBXResourcesBuildPhase;
			buildActionMask = 2147483647;
			files = (
				CD32A3C92944F38900014749 /* LaunchScreen.storyboard in Resources */,
				CD6E7307294CFA6300E4750A /* GoogleService-Info.plist in Resources */,
				CD32A3C62944F38900014749 /* Assets.xcassets in Resources */,
				CD32A3C42944F38700014749 /* Main.storyboard in Resources */,
			);
			runOnlyForDeploymentPostprocessing = 0;
		};
/* End PBXResourcesBuildPhase section */

/* Begin PBXShellScriptBuildPhase section */
		ED8762E6CBA412DBB973778E /* [CP] Check Pods Manifest.lock */ = {
			isa = PBXShellScriptBuildPhase;
			buildActionMask = 2147483647;
			files = (
			);
			inputFileListPaths = (
			);
			inputPaths = (
				"${PODS_PODFILE_DIR_PATH}/Podfile.lock",
				"${PODS_ROOT}/Manifest.lock",
			);
			name = "[CP] Check Pods Manifest.lock";
			outputFileListPaths = (
			);
			outputPaths = (
				"$(DERIVED_FILE_DIR)/Pods-Messenger-checkManifestLockResult.txt",
			);
			runOnlyForDeploymentPostprocessing = 0;
			shellPath = /bin/sh;
			shellScript = "diff \"${PODS_PODFILE_DIR_PATH}/Podfile.lock\" \"${PODS_ROOT}/Manifest.lock\" > /dev/null\nif [ $? != 0 ] ; then\n    # print error to STDERR\n    echo \"error: The sandbox is not in sync with the Podfile.lock. Run 'pod install' or update your CocoaPods installation.\" >&2\n    exit 1\nfi\n# This output is used by Xcode 'outputs' to avoid re-running this script phase.\necho \"SUCCESS\" > \"${SCRIPT_OUTPUT_FILE_0}\"\n";
			showEnvVarsInLog = 0;
		};
/* End PBXShellScriptBuildPhase section */

/* Begin PBXSourcesBuildPhase section */
		CD32A3B52944F38700014749 /* Sources */ = {
			isa = PBXSourcesBuildPhase;
			buildActionMask = 2147483647;
			files = (
				CD32A3D72944F8E700014749 /* LoginViewController.swift in Sources */,
				CD514EFB294E40FC009A2314 /* DatabaseManager.swift in Sources */,
				CD32A3D92944F8FB00014749 /* RegisterViewController.swift in Sources */,
				CD32A3DF2944F95400014749 /* NewConversationViewController.swift in Sources */,
				CD32A3C12944F38700014749 /* ConversationsViewController.swift in Sources */,
				CD32A3DD2944F92F00014749 /* VideoPlayerViewController.swift in Sources */,
				CD32A3E4294500E900014749 /* Extensions.swift in Sources */,
				CD32A3BD2944F38700014749 /* AppDelegate.swift in Sources */,
				CD32A3E12944F96C00014749 /* ProfileViewController.swift in Sources */,
				CD32A3BF2944F38700014749 /* SceneDelegate.swift in Sources */,
				CD32A3DB2944F91A00014749 /* PhotoViewerViewController.swift in Sources */,
			);
			runOnlyForDeploymentPostprocessing = 0;
		};
/* End PBXSourcesBuildPhase section */

/* Begin PBXVariantGroup section */
		CD32A3C22944F38700014749 /* Main.storyboard */ = {
			isa = PBXVariantGroup;
			children = (
				CD32A3C32944F38700014749 /* Base */,
			);
			name = Main.storyboard;
			sourceTree = "<group>";
		};
		CD32A3C72944F38900014749 /* LaunchScreen.storyboard */ = {
			isa = PBXVariantGroup;
			children = (
				CD32A3C82944F38900014749 /* Base */,
			);
			name = LaunchScreen.storyboard;
			sourceTree = "<group>";
		};
/* End PBXVariantGroup section */

/* Begin XCBuildConfiguration section */
		CD32A3CB2944F38900014749 /* Debug */ = {
			isa = XCBuildConfiguration;
			buildSettings = {
				ALWAYS_SEARCH_USER_PATHS = NO;
				CLANG_ANALYZER_NONNULL = YES;
				CLANG_ANALYZER_NUMBER_OBJECT_CONVERSION = YES_AGGRESSIVE;
				CLANG_CXX_LANGUAGE_STANDARD = "gnu++20";
				CLANG_ENABLE_MODULES = YES;
				CLANG_ENABLE_OBJC_ARC = YES;
				CLANG_ENABLE_OBJC_WEAK = YES;
				CLANG_WARN_BLOCK_CAPTURE_AUTORELEASING = YES;
				CLANG_WARN_BOOL_CONVERSION = YES;
				CLANG_WARN_COMMA = YES;
				CLANG_WARN_CONSTANT_CONVERSION = YES;
				CLANG_WARN_DEPRECATED_OBJC_IMPLEMENTATIONS = YES;
				CLANG_WARN_DIRECT_OBJC_ISA_USAGE = YES_ERROR;
				CLANG_WARN_DOCUMENTATION_COMMENTS = YES;
				CLANG_WARN_EMPTY_BODY = YES;
				CLANG_WARN_ENUM_CONVERSION = YES;
				CLANG_WARN_INFINITE_RECURSION = YES;
				CLANG_WARN_INT_CONVERSION = YES;
				CLANG_WARN_NON_LITERAL_NULL_CONVERSION = YES;
				CLANG_WARN_OBJC_IMPLICIT_RETAIN_SELF = YES;
				CLANG_WARN_OBJC_LITERAL_CONVERSION = YES;
				CLANG_WARN_OBJC_ROOT_CLASS = YES_ERROR;
				CLANG_WARN_QUOTED_INCLUDE_IN_FRAMEWORK_HEADER = YES;
				CLANG_WARN_RANGE_LOOP_ANALYSIS = YES;
				CLANG_WARN_STRICT_PROTOTYPES = YES;
				CLANG_WARN_SUSPICIOUS_MOVE = YES;
				CLANG_WARN_UNGUARDED_AVAILABILITY = YES_AGGRESSIVE;
				CLANG_WARN_UNREACHABLE_CODE = YES;
				CLANG_WARN__DUPLICATE_METHOD_MATCH = YES;
				COPY_PHASE_STRIP = NO;
				DEBUG_INFORMATION_FORMAT = dwarf;
				ENABLE_STRICT_OBJC_MSGSEND = YES;
				ENABLE_TESTABILITY = YES;
				GCC_C_LANGUAGE_STANDARD = gnu11;
				GCC_DYNAMIC_NO_PIC = NO;
				GCC_NO_COMMON_BLOCKS = YES;
				GCC_OPTIMIZATION_LEVEL = 0;
				GCC_PREPROCESSOR_DEFINITIONS = (
					"DEBUG=1",
					"$(inherited)",
				);
				GCC_WARN_64_TO_32_BIT_CONVERSION = YES;
				GCC_WARN_ABOUT_RETURN_TYPE = YES_ERROR;
				GCC_WARN_UNDECLARED_SELECTOR = YES;
				GCC_WARN_UNINITIALIZED_AUTOS = YES_AGGRESSIVE;
				GCC_WARN_UNUSED_FUNCTION = YES;
				GCC_WARN_UNUSED_VARIABLE = YES;
				IPHONEOS_DEPLOYMENT_TARGET = 16.1;
				MTL_ENABLE_DEBUG_INFO = INCLUDE_SOURCE;
				MTL_FAST_MATH = YES;
				ONLY_ACTIVE_ARCH = YES;
				SDKROOT = iphoneos;
				SWIFT_ACTIVE_COMPILATION_CONDITIONS = DEBUG;
				SWIFT_OPTIMIZATION_LEVEL = "-Onone";
			};
			name = Debug;
		};
		CD32A3CC2944F38900014749 /* Release */ = {
			isa = XCBuildConfiguration;
			buildSettings = {
				ALWAYS_SEARCH_USER_PATHS = NO;
				CLANG_ANALYZER_NONNULL = YES;
				CLANG_ANALYZER_NUMBER_OBJECT_CONVERSION = YES_AGGRESSIVE;
				CLANG_CXX_LANGUAGE_STANDARD = "gnu++20";
				CLANG_ENABLE_MODULES = YES;
				CLANG_ENABLE_OBJC_ARC = YES;
				CLANG_ENABLE_OBJC_WEAK = YES;
				CLANG_WARN_BLOCK_CAPTURE_AUTORELEASING = YES;
				CLANG_WARN_BOOL_CONVERSION = YES;
				CLANG_WARN_COMMA = YES;
				CLANG_WARN_CONSTANT_CONVERSION = YES;
				CLANG_WARN_DEPRECATED_OBJC_IMPLEMENTATIONS = YES;
				CLANG_WARN_DIRECT_OBJC_ISA_USAGE = YES_ERROR;
				CLANG_WARN_DOCUMENTATION_COMMENTS = YES;
				CLANG_WARN_EMPTY_BODY = YES;
				CLANG_WARN_ENUM_CONVERSION = YES;
				CLANG_WARN_INFINITE_RECURSION = YES;
				CLANG_WARN_INT_CONVERSION = YES;
				CLANG_WARN_NON_LITERAL_NULL_CONVERSION = YES;
				CLANG_WARN_OBJC_IMPLICIT_RETAIN_SELF = YES;
				CLANG_WARN_OBJC_LITERAL_CONVERSION = YES;
				CLANG_WARN_OBJC_ROOT_CLASS = YES_ERROR;
				CLANG_WARN_QUOTED_INCLUDE_IN_FRAMEWORK_HEADER = YES;
				CLANG_WARN_RANGE_LOOP_ANALYSIS = YES;
				CLANG_WARN_STRICT_PROTOTYPES = YES;
				CLANG_WARN_SUSPICIOUS_MOVE = YES;
				CLANG_WARN_UNGUARDED_AVAILABILITY = YES_AGGRESSIVE;
				CLANG_WARN_UNREACHABLE_CODE = YES;
				CLANG_WARN__DUPLICATE_METHOD_MATCH = YES;
				COPY_PHASE_STRIP = NO;
				DEBUG_INFORMATION_FORMAT = "dwarf-with-dsym";
				ENABLE_NS_ASSERTIONS = NO;
				ENABLE_STRICT_OBJC_MSGSEND = YES;
				GCC_C_LANGUAGE_STANDARD = gnu11;
				GCC_NO_COMMON_BLOCKS = YES;
				GCC_WARN_64_TO_32_BIT_CONVERSION = YES;
				GCC_WARN_ABOUT_RETURN_TYPE = YES_ERROR;
				GCC_WARN_UNDECLARED_SELECTOR = YES;
				GCC_WARN_UNINITIALIZED_AUTOS = YES_AGGRESSIVE;
				GCC_WARN_UNUSED_FUNCTION = YES;
				GCC_WARN_UNUSED_VARIABLE = YES;
				IPHONEOS_DEPLOYMENT_TARGET = 16.1;
				MTL_ENABLE_DEBUG_INFO = NO;
				MTL_FAST_MATH = YES;
				SDKROOT = iphoneos;
				SWIFT_COMPILATION_MODE = wholemodule;
				SWIFT_OPTIMIZATION_LEVEL = "-O";
				VALIDATE_PRODUCT = YES;
			};
			name = Release;
		};
		CD32A3CE2944F38900014749 /* Debug */ = {
			isa = XCBuildConfiguration;
			baseConfigurationReference = 23322F315ADDFEEB3E3F754A /* Pods-Messenger.debug.xcconfig */;
			buildSettings = {
				ASSETCATALOG_COMPILER_APPICON_NAME = AppIcon;
				ASSETCATALOG_COMPILER_GLOBAL_ACCENT_COLOR_NAME = AccentColor;
				CODE_SIGN_ENTITLEMENTS = Messenger/Messenger.entitlements;
				CODE_SIGN_STYLE = Automatic;
				CURRENT_PROJECT_VERSION = 1;
				DEVELOPMENT_TEAM = 983TJC6U75;
				GENERATE_INFOPLIST_FILE = YES;
				INFOPLIST_FILE = Messenger/Info.plist;
				INFOPLIST_KEY_UIApplicationSupportsIndirectInputEvents = YES;
				INFOPLIST_KEY_UILaunchStoryboardName = LaunchScreen;
				INFOPLIST_KEY_UIMainStoryboardFile = Main;
				INFOPLIST_KEY_UISupportedInterfaceOrientations = "UIInterfaceOrientationLandscapeRight UIInterfaceOrientationPortrait";
				INFOPLIST_KEY_UISupportedInterfaceOrientations_iPad = "UIInterfaceOrientationLandscapeLeft UIInterfaceOrientationLandscapeRight UIInterfaceOrientationPortrait UIInterfaceOrientationPortraitUpsideDown";
				IPHONEOS_DEPLOYMENT_TARGET = 13.0;
				LD_RUNPATH_SEARCH_PATHS = (
					"$(inherited)",
					"@executable_path/Frameworks",
				);
				MARKETING_VERSION = 1.0;
				PRODUCT_BUNDLE_IDENTIFIER = com.Proppe.Messenger;
				PRODUCT_NAME = "$(TARGET_NAME)";
				SWIFT_EMIT_LOC_STRINGS = YES;
				SWIFT_VERSION = 5.0;
				TARGETED_DEVICE_FAMILY = "1,2";
			};
			name = Debug;
		};
		CD32A3CF2944F38900014749 /* Release */ = {
			isa = XCBuildConfiguration;
			baseConfigurationReference = 869A002764BEE6559A9558FB /* Pods-Messenger.release.xcconfig */;
			buildSettings = {
				ASSETCATALOG_COMPILER_APPICON_NAME = AppIcon;
				ASSETCATALOG_COMPILER_GLOBAL_ACCENT_COLOR_NAME = AccentColor;
				CODE_SIGN_ENTITLEMENTS = Messenger/Messenger.entitlements;
				CODE_SIGN_STYLE = Automatic;
				CURRENT_PROJECT_VERSION = 1;
				DEVELOPMENT_TEAM = 983TJC6U75;
				GENERATE_INFOPLIST_FILE = YES;
				INFOPLIST_FILE = Messenger/Info.plist;
				INFOPLIST_KEY_UIApplicationSupportsIndirectInputEvents = YES;
				INFOPLIST_KEY_UILaunchStoryboardName = LaunchScreen;
				INFOPLIST_KEY_UIMainStoryboardFile = Main;
				INFOPLIST_KEY_UISupportedInterfaceOrientations = "UIInterfaceOrientationLandscapeRight UIInterfaceOrientationPortrait";
				INFOPLIST_KEY_UISupportedInterfaceOrientations_iPad = "UIInterfaceOrientationLandscapeLeft UIInterfaceOrientationLandscapeRight UIInterfaceOrientationPortrait UIInterfaceOrientationPortraitUpsideDown";
				IPHONEOS_DEPLOYMENT_TARGET = 13.0;
				LD_RUNPATH_SEARCH_PATHS = (
					"$(inherited)",
					"@executable_path/Frameworks",
				);
				MARKETING_VERSION = 1.0;
				PRODUCT_BUNDLE_IDENTIFIER = com.Proppe.Messenger;
				PRODUCT_NAME = "$(TARGET_NAME)";
				SWIFT_EMIT_LOC_STRINGS = YES;
				SWIFT_VERSION = 5.0;
				TARGETED_DEVICE_FAMILY = "1,2";
			};
			name = Release;
		};
/* End XCBuildConfiguration section */

/* Begin XCConfigurationList section */
		CD32A3B42944F38700014749 /* Build configuration list for PBXProject "Messenger" */ = {
			isa = XCConfigurationList;
			buildConfigurations = (
				CD32A3CB2944F38900014749 /* Debug */,
				CD32A3CC2944F38900014749 /* Release */,
			);
			defaultConfigurationIsVisible = 0;
			defaultConfigurationName = Release;
		};
		CD32A3CD2944F38900014749 /* Build configuration list for PBXNativeTarget "Messenger" */ = {
			isa = XCConfigurationList;
			buildConfigurations = (
				CD32A3CE2944F38900014749 /* Debug */,
				CD32A3CF2944F38900014749 /* Release */,
			);
			defaultConfigurationIsVisible = 0;
			defaultConfigurationName = Release;
		};
/* End XCConfigurationList section */

/* Begin XCRemoteSwiftPackageReference section */
		CD6E7308294D028500E4750A /* XCRemoteSwiftPackageReference "firebase-ios-sdk" */ = {
			isa = XCRemoteSwiftPackageReference;
			repositoryURL = "https://github.com/firebase/firebase-ios-sdk";
			requirement = {
				kind = upToNextMajorVersion;
				minimumVersion = 9.0.0;
			};
		};
		CDB9BB5B295CB9B900DA9716 /* XCRemoteSwiftPackageReference "facebook-ios-sdk" */ = {
			isa = XCRemoteSwiftPackageReference;
			repositoryURL = "https://github.com/facebook/facebook-ios-sdk";
			requirement = {
				kind = upToNextMajorVersion;
				minimumVersion = 9.0.0;
			};
		};
/* End XCRemoteSwiftPackageReference section */

/* Begin XCSwiftPackageProductDependency section */
		CD6E7309294D028500E4750A /* FirebaseAuth */ = {
			isa = XCSwiftPackageProductDependency;
			package = CD6E7308294D028500E4750A /* XCRemoteSwiftPackageReference "firebase-ios-sdk" */;
			productName = FirebaseAuth;
		};
		CD6E730B294D028500E4750A /* FirebaseDatabase */ = {
			isa = XCSwiftPackageProductDependency;
			package = CD6E7308294D028500E4750A /* XCRemoteSwiftPackageReference "firebase-ios-sdk" */;
			productName = FirebaseDatabase;
		};
		CDB9BB5C295CB9B900DA9716 /* FacebookCore */ = {
			isa = XCSwiftPackageProductDependency;
			package = CDB9BB5B295CB9B900DA9716 /* XCRemoteSwiftPackageReference "facebook-ios-sdk" */;
			productName = FacebookCore;
		};
		CDB9BB5E295CB9B900DA9716 /* FacebookLogin */ = {
			isa = XCSwiftPackageProductDependency;
			package = CDB9BB5B295CB9B900DA9716 /* XCRemoteSwiftPackageReference "facebook-ios-sdk" */;
			productName = FacebookLogin;
		};
		CDB9BB60295CB9B900DA9716 /* FacebookShare */ = {
			isa = XCSwiftPackageProductDependency;
			package = CDB9BB5B295CB9B900DA9716 /* XCRemoteSwiftPackageReference "facebook-ios-sdk" */;
			productName = FacebookShare;
		};
/* End XCSwiftPackageProductDependency section */
	};
	rootObject = CD32A3B12944F38700014749 /* Project object */;
}
